PODS:
  - Retriable (1.0.3)
  - SDWebImage (5.0.3):
    - SDWebImage/Core (= 5.0.3)
  - SDWebImage/Core (5.0.3)

DEPENDENCIES:
  - Retriable
  - SDWebImage

SPEC REPOS:
  https://github.com/cocoapods/specs.git:
    - Retriable
    - SDWebImage

SPEC CHECKSUMS:
  Retriable: ed1ed6948190a057bf9b9b668fe95bef4e36c66d
  SDWebImage: d4f87d7d36c8a4d9f9459dc282e0caa057fdf935

PODFILE CHECKSUM: 98a8ce3f4cdcb28ccea762908b120aaf39f94634

COCOAPODS: 1.6.1
